
Microsoft Visual Studio Solution File, Format Version 12.00
# Visual Studio Version 16
VisualStudioVersion = 16.0.29709.97
MinimumVisualStudioVersion = 10.0.40219.1
Project("{9A19103F-16F7-4668-BE54-9A1E7A4F7556}") = "ComparePDF", "ComparePDF\ComparePDF.csproj", "{E4EDA0CC-2D0B-4BFB-A84A-E64A5EA7A6C9}"
EndProject
Project("{9A19103F-16F7-4668-BE54-9A1E7A4F7556}") = "NUnitTestComparePDF", "NUnitTestComparePDF\NUnitTestComparePDF.csproj", "{BA16C506-9DFD-489B-A4B1-AE2B70B55850}"
EndProject
Global
	GlobalSection(SolutionConfigurationPlatforms) = preSolution
		Debug|Any CPU = Debug|Any CPU
		Release|Any CPU = Release|Any CPU
	EndGlobalSection
	GlobalSection(ProjectConfigurationPlatforms) = postSolution
		{E4EDA0CC-2D0B-4BFB-A84A-E64A5EA7A6C9}.Debug|Any CPU.ActiveCfg = Debug|Any CPU
		{E4EDA0CC-2D0B-4BFB-A84A-E64A5EA7A6C9}.Debug|Any CPU.Build.0 = Debug|Any CPU
		{E4EDA0CC-2D0B-4BFB-A84A-E64A5EA7A6C9}.Release|Any CPU.ActiveCfg = Release|Any CPU
		{E4EDA0CC-2D0B-4BFB-A84A-E64A5EA7A6C9}.Release|Any CPU.Build.0 = Release|Any CPU
		{BA16C506-9DFD-489B-A4B1-AE2B70B55850}.Debug|Any CPU.ActiveCfg = Debug|Any CPU
		{BA16C506-9DFD-489B-A4B1-AE2B70B55850}.Debug|Any CPU.Build.0 = Debug|Any CPU
		{BA16C506-9DFD-489B-A4B1-AE2B70B55850}.Release|Any CPU.ActiveCfg = Release|Any CPU
		{BA16C506-9DFD-489B-A4B1-AE2B70B55850}.Release|Any CPU.Build.0 = Release|Any CPU
	EndGlobalSection
	GlobalSection(SolutionProperties) = preSolution
		HideSolutionNode = FALSE
	EndGlobalSection
	GlobalSection(ExtensibilityGlobals) = postSolution
		SolutionGuid = {6E69035B-9090-4C90-8A33-830338413015}
	EndGlobalSection
EndGlobal
